
Microsoft Visual Studio Solution File, Format Version 12.00
# Visual Studio 14
VisualStudioVersion = 14.0.24720.0
MinimumVisualStudioVersion = 10.0.40219.1
Project("{FAE04EC0-301F-11D3-BF4B-00C04F79EFBC}") = "RiskCapture", "RiskCapture.csproj", "{67DEB30B-73B6-4D41-9C06-93C074FF3437}"
EndProject
Project("{FAE04EC0-301F-11D3-BF4B-00C04F79EFBC}") = "Infrastucture", "Infrastructure\Infrastucture.csproj", "{AE8A4258-E846-4946-B6A3-ED65C561E836}"
EndProject
Project("{FAE04EC0-301F-11D3-BF4B-00C04F79EFBC}") = "DataWarehouse", "DataWarehouse\DataWarehouse.csproj", "{BA00991E-0630-4BDF-BE9B-A043A55D5CE0}"
EndProject
Project("{FAE04EC0-301F-11D3-BF4B-00C04F79EFBC}") = "RiskCapture.Messages", "Messages\RiskCapture.Messages.csproj", "{30006AE6-8522-493B-9E4D-AD5E288E9903}"
EndProject
Project("{FAE04EC0-301F-11D3-BF4B-00C04F79EFBC}") = "Documents", "Documents\Documents.csproj", "{D988D69C-3483-4CB5-AED4-B8DF5D2DCAB3}"
EndProject
Project("{FAE04EC0-301F-11D3-BF4B-00C04F79EFBC}") = "Documents.Process", "Process\Documents.Process.csproj", "{15DB1C4F-D1E7-4A4A-9F7A-960BCF8F5B25}"
EndProject
Project("{FAE04EC0-301F-11D3-BF4B-00C04F79EFBC}") = "DataWarehouse.Messages", "DataWarehouse\Messages\DataWarehouse.Messages.csproj", "{82E7D42C-8B30-48BD-B4D6-EF582B8A8914}"
EndProject
Project("{FAE04EC0-301F-11D3-BF4B-00C04F79EFBC}") = "Documents.Messages", "Documents\Messages\Documents.Messages.csproj", "{BF8EC8B2-7477-4CC5-A0B7-10A3BD0A0221}"
EndProject
Project("{2150E333-8FDC-42A3-9474-1A3956D46DE8}") = "DataWarehousing", "DataWarehousing", "{172256E9-4065-44F8-9C26-A2502ADA4853}"
EndProject
Project("{2150E333-8FDC-42A3-9474-1A3956D46DE8}") = "DocumentMerging", "DocumentMerging", "{8B89FB61-FF78-4C30-A772-0EB633616559}"
EndProject
Project("{2150E333-8FDC-42A3-9474-1A3956D46DE8}") = "RiskCapturing", "RiskCapturing", "{CAA02435-5025-407F-911C-7E98147FB863}"
EndProject
Global
	GlobalSection(SolutionConfigurationPlatforms) = preSolution
		Debug|Any CPU = Debug|Any CPU
		Release|Any CPU = Release|Any CPU
	EndGlobalSection
	GlobalSection(ProjectConfigurationPlatforms) = postSolution
		{67DEB30B-73B6-4D41-9C06-93C074FF3437}.Debug|Any CPU.ActiveCfg = Debug|Any CPU
		{67DEB30B-73B6-4D41-9C06-93C074FF3437}.Debug|Any CPU.Build.0 = Debug|Any CPU
		{67DEB30B-73B6-4D41-9C06-93C074FF3437}.Release|Any CPU.ActiveCfg = Release|Any CPU
		{67DEB30B-73B6-4D41-9C06-93C074FF3437}.Release|Any CPU.Build.0 = Release|Any CPU
		{AE8A4258-E846-4946-B6A3-ED65C561E836}.Debug|Any CPU.ActiveCfg = Debug|Any CPU
		{AE8A4258-E846-4946-B6A3-ED65C561E836}.Debug|Any CPU.Build.0 = Debug|Any CPU
		{AE8A4258-E846-4946-B6A3-ED65C561E836}.Release|Any CPU.ActiveCfg = Release|Any CPU
		{AE8A4258-E846-4946-B6A3-ED65C561E836}.Release|Any CPU.Build.0 = Release|Any CPU
		{BA00991E-0630-4BDF-BE9B-A043A55D5CE0}.Debug|Any CPU.ActiveCfg = Debug|Any CPU
		{BA00991E-0630-4BDF-BE9B-A043A55D5CE0}.Debug|Any CPU.Build.0 = Debug|Any CPU
		{BA00991E-0630-4BDF-BE9B-A043A55D5CE0}.Release|Any CPU.ActiveCfg = Release|Any CPU
		{BA00991E-0630-4BDF-BE9B-A043A55D5CE0}.Release|Any CPU.Build.0 = Release|Any CPU
		{30006AE6-8522-493B-9E4D-AD5E288E9903}.Debug|Any CPU.ActiveCfg = Debug|Any CPU
		{30006AE6-8522-493B-9E4D-AD5E288E9903}.Debug|Any CPU.Build.0 = Debug|Any CPU
		{30006AE6-8522-493B-9E4D-AD5E288E9903}.Release|Any CPU.ActiveCfg = Release|Any CPU
		{30006AE6-8522-493B-9E4D-AD5E288E9903}.Release|Any CPU.Build.0 = Release|Any CPU
		{D988D69C-3483-4CB5-AED4-B8DF5D2DCAB3}.Debug|Any CPU.ActiveCfg = Debug|Any CPU
		{D988D69C-3483-4CB5-AED4-B8DF5D2DCAB3}.Debug|Any CPU.Build.0 = Debug|Any CPU
		{D988D69C-3483-4CB5-AED4-B8DF5D2DCAB3}.Release|Any CPU.ActiveCfg = Release|Any CPU
		{D988D69C-3483-4CB5-AED4-B8DF5D2DCAB3}.Release|Any CPU.Build.0 = Release|Any CPU
		{15DB1C4F-D1E7-4A4A-9F7A-960BCF8F5B25}.Debug|Any CPU.ActiveCfg = Debug|Any CPU
		{15DB1C4F-D1E7-4A4A-9F7A-960BCF8F5B25}.Debug|Any CPU.Build.0 = Debug|Any CPU
		{15DB1C4F-D1E7-4A4A-9F7A-960BCF8F5B25}.Release|Any CPU.ActiveCfg = Release|Any CPU
		{15DB1C4F-D1E7-4A4A-9F7A-960BCF8F5B25}.Release|Any CPU.Build.0 = Release|Any CPU
		{82E7D42C-8B30-48BD-B4D6-EF582B8A8914}.Debug|Any CPU.ActiveCfg = Debug|Any CPU
		{82E7D42C-8B30-48BD-B4D6-EF582B8A8914}.Debug|Any CPU.Build.0 = Debug|Any CPU
		{82E7D42C-8B30-48BD-B4D6-EF582B8A8914}.Release|Any CPU.ActiveCfg = Release|Any CPU
		{82E7D42C-8B30-48BD-B4D6-EF582B8A8914}.Release|Any CPU.Build.0 = Release|Any CPU
		{BF8EC8B2-7477-4CC5-A0B7-10A3BD0A0221}.Debug|Any CPU.ActiveCfg = Debug|Any CPU
		{BF8EC8B2-7477-4CC5-A0B7-10A3BD0A0221}.Debug|Any CPU.Build.0 = Debug|Any CPU
		{BF8EC8B2-7477-4CC5-A0B7-10A3BD0A0221}.Release|Any CPU.ActiveCfg = Release|Any CPU
		{BF8EC8B2-7477-4CC5-A0B7-10A3BD0A0221}.Release|Any CPU.Build.0 = Release|Any CPU
	EndGlobalSection
	GlobalSection(SolutionProperties) = preSolution
		HideSolutionNode = FALSE
	EndGlobalSection
	GlobalSection(NestedProjects) = preSolution
		{67DEB30B-73B6-4D41-9C06-93C074FF3437} = {CAA02435-5025-407F-911C-7E98147FB863}
		{BA00991E-0630-4BDF-BE9B-A043A55D5CE0} = {172256E9-4065-44F8-9C26-A2502ADA4853}
		{30006AE6-8522-493B-9E4D-AD5E288E9903} = {CAA02435-5025-407F-911C-7E98147FB863}
		{D988D69C-3483-4CB5-AED4-B8DF5D2DCAB3} = {8B89FB61-FF78-4C30-A772-0EB633616559}
		{15DB1C4F-D1E7-4A4A-9F7A-960BCF8F5B25} = {8B89FB61-FF78-4C30-A772-0EB633616559}
		{82E7D42C-8B30-48BD-B4D6-EF582B8A8914} = {172256E9-4065-44F8-9C26-A2502ADA4853}
		{BF8EC8B2-7477-4CC5-A0B7-10A3BD0A0221} = {8B89FB61-FF78-4C30-A772-0EB633616559}
	EndGlobalSection
EndGlobal
